
Microsoft Visual Studio Solution File, Format Version 12.00
# Visual Studio Version 17
VisualStudioVersion = 17.10.35728.63
MinimumVisualStudioVersion = 10.0.40219.1
Project("{9A19103F-16F7-4668-BE54-9A1E7A4F7556}") = "Sender", "Sender\Sender.csproj", "{D11A4757-4631-4DEE-8C40-3AD1531255BB}"
EndProject
Project("{9A19103F-16F7-4668-BE54-9A1E7A4F7556}") = "Receiver", "Receiver\Receiver.csproj", "{5E64D819-AD82-4715-9F3F-B8B5457F45D0}"
EndProject
Project("{9A19103F-16F7-4668-BE54-9A1E7A4F7556}") = "Common", "Common\Common.csproj", "{2E77313E-C909-4273-973F-1FEEB0068FE2}"
EndProject
Global
	GlobalSection(SolutionConfigurationPlatforms) = preSolution
		Debug|Any CPU = Debug|Any CPU
		Release|Any CPU = Release|Any CPU
	EndGlobalSection
	GlobalSection(ProjectConfigurationPlatforms) = postSolution
		{D11A4757-4631-4DEE-8C40-3AD1531255BB}.Debug|Any CPU.ActiveCfg = Debug|Any CPU
		{D11A4757-4631-4DEE-8C40-3AD1531255BB}.Debug|Any CPU.Build.0 = Debug|Any CPU
		{D11A4757-4631-4DEE-8C40-3AD1531255BB}.Release|Any CPU.ActiveCfg = Release|Any CPU
		{D11A4757-4631-4DEE-8C40-3AD1531255BB}.Release|Any CPU.Build.0 = Release|Any CPU
		{5E64D819-AD82-4715-9F3F-B8B5457F45D0}.Debug|Any CPU.ActiveCfg = Debug|Any CPU
		{5E64D819-AD82-4715-9F3F-B8B5457F45D0}.Debug|Any CPU.Build.0 = Debug|Any CPU
		{5E64D819-AD82-4715-9F3F-B8B5457F45D0}.Release|Any CPU.ActiveCfg = Release|Any CPU
		{5E64D819-AD82-4715-9F3F-B8B5457F45D0}.Release|Any CPU.Build.0 = Release|Any CPU
		{2E77313E-C909-4273-973F-1FEEB0068FE2}.Debug|Any CPU.ActiveCfg = Debug|Any CPU
		{2E77313E-C909-4273-973F-1FEEB0068FE2}.Debug|Any CPU.Build.0 = Debug|Any CPU
		{2E77313E-C909-4273-973F-1FEEB0068FE2}.Release|Any CPU.ActiveCfg = Release|Any CPU
		{2E77313E-C909-4273-973F-1FEEB0068FE2}.Release|Any CPU.Build.0 = Release|Any CPU
	EndGlobalSection
	GlobalSection(SolutionProperties) = preSolution
		HideSolutionNode = FALSE
	EndGlobalSection
	GlobalSection(ExtensibilityGlobals) = postSolution
		SolutionGuid = {1AF5B51A-1930-46EF-A5A7-218FC1FEA842}
	EndGlobalSection
EndGlobal
